// !$*UTF8*$!
{
	archiveVersion = 1;
	classes = {
	};
	objectVersion = 56;
	objects = {

/* Begin PBXBuildFile section */
		0500FE342C053BE900EA5BE7 /* MainPage.swift in Sources */ = {isa = PBXBuildFile; fileRef = 0500FE332C053BE900EA5BE7 /* MainPage.swift */; };
		0544A3522C0586E40071121E /* ServerCard.swift in Sources */ = {isa = PBXBuildFile; fileRef = 0544A3512C0586E40071121E /* ServerCard.swift */; };
		0544A3542C0598F40071121E /* HeaderImage.swift in Sources */ = {isa = PBXBuildFile; fileRef = 0544A3532C0598F40071121E /* HeaderImage.swift */; };
		054F9F662BF55E8D00ED047C /* PalworldFrontEndApp.swift in Sources */ = {isa = PBXBuildFile; fileRef = 054F9F652BF55E8D00ED047C /* PalworldFrontEndApp.swift */; };
		054F9F682BF55E8D00ED047C /* ContentView.swift in Sources */ = {isa = PBXBuildFile; fileRef = 054F9F672BF55E8D00ED047C /* ContentView.swift */; };
		054F9F6A2BF55E8D00ED047C /* Item.swift in Sources */ = {isa = PBXBuildFile; fileRef = 054F9F692BF55E8D00ED047C /* Item.swift */; };
		054F9F6C2BF55E8E00ED047C /* Assets.xcassets in Resources */ = {isa = PBXBuildFile; fileRef = 054F9F6B2BF55E8E00ED047C /* Assets.xcassets */; };
		054F9F6F2BF55E8E00ED047C /* Preview Assets.xcassets in Resources */ = {isa = PBXBuildFile; fileRef = 054F9F6E2BF55E8E00ED047C /* Preview Assets.xcassets */; };
		054F9F792BF55E8E00ED047C /* PalworldFrontEndTests.swift in Sources */ = {isa = PBXBuildFile; fileRef = 054F9F782BF55E8E00ED047C /* PalworldFrontEndTests.swift */; };
		054F9F832BF55E8F00ED047C /* PalworldFrontEndUITests.swift in Sources */ = {isa = PBXBuildFile; fileRef = 054F9F822BF55E8F00ED047C /* PalworldFrontEndUITests.swift */; };
		054F9F852BF55E8F00ED047C /* PalworldFrontEndUITestsLaunchTests.swift in Sources */ = {isa = PBXBuildFile; fileRef = 054F9F842BF55E8F00ED047C /* PalworldFrontEndUITestsLaunchTests.swift */; };
		0570A1B82C081A5A00F05B14 /* Header.swift in Sources */ = {isa = PBXBuildFile; fileRef = 0570A1B72C081A5A00F05B14 /* Header.swift */; };
		0570A1BA2C082AC900F05B14 /* SettingsPage.swift in Sources */ = {isa = PBXBuildFile; fileRef = 0570A1B92C082AC900F05B14 /* SettingsPage.swift */; };
/* End PBXBuildFile section */

/* Begin PBXContainerItemProxy section */
		054F9F752BF55E8E00ED047C /* PBXContainerItemProxy */ = {
			isa = PBXContainerItemProxy;
			containerPortal = 054F9F5A2BF55E8D00ED047C /* Project object */;
			proxyType = 1;
			remoteGlobalIDString = 054F9F612BF55E8D00ED047C;
			remoteInfo = PalworldFrontEnd;
		};
		054F9F7F2BF55E8F00ED047C /* PBXContainerItemProxy */ = {
			isa = PBXContainerItemProxy;
			containerPortal = 054F9F5A2BF55E8D00ED047C /* Project object */;
			proxyType = 1;
			remoteGlobalIDString = 054F9F612BF55E8D00ED047C;
			remoteInfo = PalworldFrontEnd;
		};
/* End PBXContainerItemProxy section */

/* Begin PBXFileReference section */
		0500FE332C053BE900EA5BE7 /* MainPage.swift */ = {isa = PBXFileReference; lastKnownFileType = sourcecode.swift; path = MainPage.swift; sourceTree = "<group>"; };
		0544A3512C0586E40071121E /* ServerCard.swift */ = {isa = PBXFileReference; lastKnownFileType = sourcecode.swift; path = ServerCard.swift; sourceTree = "<group>"; };
		0544A3532C0598F40071121E /* HeaderImage.swift */ = {isa = PBXFileReference; lastKnownFileType = sourcecode.swift; path = HeaderImage.swift; sourceTree = "<group>"; };
		054F9F622BF55E8D00ED047C /* PalworldFrontEnd.app */ = {isa = PBXFileReference; explicitFileType = wrapper.application; includeInIndex = 0; path = PalworldFrontEnd.app; sourceTree = BUILT_PRODUCTS_DIR; };
		054F9F652BF55E8D00ED047C /* PalworldFrontEndApp.swift */ = {isa = PBXFileReference; lastKnownFileType = sourcecode.swift; path = PalworldFrontEndApp.swift; sourceTree = "<group>"; };
		054F9F672BF55E8D00ED047C /* ContentView.swift */ = {isa = PBXFileReference; lastKnownFileType = sourcecode.swift; path = ContentView.swift; sourceTree = "<group>"; };
		054F9F692BF55E8D00ED047C /* Item.swift */ = {isa = PBXFileReference; lastKnownFileType = sourcecode.swift; path = Item.swift; sourceTree = "<group>"; };
		054F9F6B2BF55E8E00ED047C /* Assets.xcassets */ = {isa = PBXFileReference; lastKnownFileType = folder.assetcatalog; path = Assets.xcassets; sourceTree = "<group>"; };
		054F9F6E2BF55E8E00ED047C /* Preview Assets.xcassets */ = {isa = PBXFileReference; lastKnownFileType = folder.assetcatalog; path = "Preview Assets.xcassets"; sourceTree = "<group>"; };
		054F9F742BF55E8E00ED047C /* PalworldFrontEndTests.xctest */ = {isa = PBXFileReference; explicitFileType = wrapper.cfbundle; includeInIndex = 0; path = PalworldFrontEndTests.xctest; sourceTree = BUILT_PRODUCTS_DIR; };
		054F9F782BF55E8E00ED047C /* PalworldFrontEndTests.swift */ = {isa = PBXFileReference; lastKnownFileType = sourcecode.swift; path = PalworldFrontEndTests.swift; sourceTree = "<group>"; };
		054F9F7E2BF55E8F00ED047C /* PalworldFrontEndUITests.xctest */ = {isa = PBXFileReference; explicitFileType = wrapper.cfbundle; includeInIndex = 0; path = PalworldFrontEndUITests.xctest; sourceTree = BUILT_PRODUCTS_DIR; };
		054F9F822BF55E8F00ED047C /* PalworldFrontEndUITests.swift */ = {isa = PBXFileReference; lastKnownFileType = sourcecode.swift; path = PalworldFrontEndUITests.swift; sourceTree = "<group>"; };
		054F9F842BF55E8F00ED047C /* PalworldFrontEndUITestsLaunchTests.swift */ = {isa = PBXFileReference; lastKnownFileType = sourcecode.swift; path = PalworldFrontEndUITestsLaunchTests.swift; sourceTree = "<group>"; };
		0570A1B72C081A5A00F05B14 /* Header.swift */ = {isa = PBXFileReference; lastKnownFileType = sourcecode.swift; path = Header.swift; sourceTree = "<group>"; };
		0570A1B92C082AC900F05B14 /* SettingsPage.swift */ = {isa = PBXFileReference; lastKnownFileType = sourcecode.swift; path = SettingsPage.swift; sourceTree = "<group>"; };
/* End PBXFileReference section */

/* Begin PBXFrameworksBuildPhase section */
		054F9F5F2BF55E8D00ED047C /* Frameworks */ = {
			isa = PBXFrameworksBuildPhase;
			buildActionMask = 2147483647;
			files = (
			);
			runOnlyForDeploymentPostprocessing = 0;
		};
		054F9F712BF55E8E00ED047C /* Frameworks */ = {
			isa = PBXFrameworksBuildPhase;
			buildActionMask = 2147483647;
			files = (
			);
			runOnlyForDeploymentPostprocessing = 0;
		};
		054F9F7B2BF55E8F00ED047C /* Frameworks */ = {
			isa = PBXFrameworksBuildPhase;
			buildActionMask = 2147483647;
			files = (
			);
			runOnlyForDeploymentPostprocessing = 0;
		};
/* End PBXFrameworksBuildPhase section */

/* Begin PBXGroup section */
		0500FE312C05364A00EA5BE7 /* View */ = {
			isa = PBXGroup;
			children = (
				054F9F672BF55E8D00ED047C /* ContentView.swift */,
				0544A3552C05ADE10071121E /* Helper */,
			);
			path = View;
			sourceTree = "<group>";
		};
		0500FE322C053AE000EA5BE7 /* Model */ = {
			isa = PBXGroup;
			children = (
				054F9F692BF55E8D00ED047C /* Item.swift */,
			);
			path = Model;
			sourceTree = "<group>";
		};
		0544A3552C05ADE10071121E /* Helper */ = {
			isa = PBXGroup;
			children = (
				0500FE332C053BE900EA5BE7 /* MainPage.swift */,
				0544A3512C0586E40071121E /* ServerCard.swift */,
				0544A3532C0598F40071121E /* HeaderImage.swift */,
				0570A1B72C081A5A00F05B14 /* Header.swift */,
				0570A1B92C082AC900F05B14 /* SettingsPage.swift */,
			);
			path = Helper;
			sourceTree = "<group>";
		};
		054F9F592BF55E8D00ED047C = {
			isa = PBXGroup;
			children = (
				054F9F642BF55E8D00ED047C /* PalworldFrontEnd */,
				054F9F772BF55E8E00ED047C /* PalworldFrontEndTests */,
				054F9F812BF55E8F00ED047C /* PalworldFrontEndUITests */,
				054F9F632BF55E8D00ED047C /* Products */,
			);
			sourceTree = "<group>";
		};
		054F9F632BF55E8D00ED047C /* Products */ = {
			isa = PBXGroup;
			children = (
				054F9F622BF55E8D00ED047C /* PalworldFrontEnd.app */,
				054F9F742BF55E8E00ED047C /* PalworldFrontEndTests.xctest */,
				054F9F7E2BF55E8F00ED047C /* PalworldFrontEndUITests.xctest */,
			);
			name = Products;
			sourceTree = "<group>";
		};
		054F9F642BF55E8D00ED047C /* PalworldFrontEnd */ = {
			isa = PBXGroup;
			children = (
				054F9F652BF55E8D00ED047C /* PalworldFrontEndApp.swift */,
				0500FE312C05364A00EA5BE7 /* View */,
				0500FE322C053AE000EA5BE7 /* Model */,
				054F9F6B2BF55E8E00ED047C /* Assets.xcassets */,
				054F9F6D2BF55E8E00ED047C /* Preview Content */,
			);
			path = PalworldFrontEnd;
			sourceTree = "<group>";
		};
		054F9F6D2BF55E8E00ED047C /* Preview Content */ = {
			isa = PBXGroup;
			children = (
				054F9F6E2BF55E8E00ED047C /* Preview Assets.xcassets */,
			);
			path = "Preview Content";
			sourceTree = "<group>";
		};
		054F9F772BF55E8E00ED047C /* PalworldFrontEndTests */ = {
			isa = PBXGroup;
			children = (
				054F9F782BF55E8E00ED047C /* PalworldFrontEndTests.swift */,
			);
			path = PalworldFrontEndTests;
			sourceTree = "<group>";
		};
		054F9F812BF55E8F00ED047C /* PalworldFrontEndUITests */ = {
			isa = PBXGroup;
			children = (
				054F9F822BF55E8F00ED047C /* PalworldFrontEndUITests.swift */,
				054F9F842BF55E8F00ED047C /* PalworldFrontEndUITestsLaunchTests.swift */,
			);
			path = PalworldFrontEndUITests;
			sourceTree = "<group>";
		};
/* End PBXGroup section */

/* Begin PBXNativeTarget section */
		054F9F612BF55E8D00ED047C /* PalworldFrontEnd */ = {
			isa = PBXNativeTarget;
			buildConfigurationList = 054F9F882BF55E8F00ED047C /* Build configuration list for PBXNativeTarget "PalworldFrontEnd" */;
			buildPhases = (
				054F9F5E2BF55E8D00ED047C /* Sources */,
				054F9F5F2BF55E8D00ED047C /* Frameworks */,
				054F9F602BF55E8D00ED047C /* Resources */,
			);
			buildRules = (
			);
			dependencies = (
			);
			name = PalworldFrontEnd;
			productName = PalworldFrontEnd;
			productReference = 054F9F622BF55E8D00ED047C /* PalworldFrontEnd.app */;
			productType = "com.apple.product-type.application";
		};
		054F9F732BF55E8E00ED047C /* PalworldFrontEndTests */ = {
			isa = PBXNativeTarget;
			buildConfigurationList = 054F9F8B2BF55E8F00ED047C /* Build configuration list for PBXNativeTarget "PalworldFrontEndTests" */;
			buildPhases = (
				054F9F702BF55E8E00ED047C /* Sources */,
				054F9F712BF55E8E00ED047C /* Frameworks */,
				054F9F722BF55E8E00ED047C /* Resources */,
			);
			buildRules = (
			);
			dependencies = (
				054F9F762BF55E8E00ED047C /* PBXTargetDependency */,
			);
			name = PalworldFrontEndTests;
			productName = PalworldFrontEndTests;
			productReference = 054F9F742BF55E8E00ED047C /* PalworldFrontEndTests.xctest */;
			productType = "com.apple.product-type.bundle.unit-test";
		};
		054F9F7D2BF55E8F00ED047C /* PalworldFrontEndUITests */ = {
			isa = PBXNativeTarget;
			buildConfigurationList = 054F9F8E2BF55E8F00ED047C /* Build configuration list for PBXNativeTarget "PalworldFrontEndUITests" */;
			buildPhases = (
				054F9F7A2BF55E8F00ED047C /* Sources */,
				054F9F7B2BF55E8F00ED047C /* Frameworks */,
				054F9F7C2BF55E8F00ED047C /* Resources */,
			);
			buildRules = (
			);
			dependencies = (
				054F9F802BF55E8F00ED047C /* PBXTargetDependency */,
			);
			name = PalworldFrontEndUITests;
			productName = PalworldFrontEndUITests;
			productReference = 054F9F7E2BF55E8F00ED047C /* PalworldFrontEndUITests.xctest */;
			productType = "com.apple.product-type.bundle.ui-testing";
		};
/* End PBXNativeTarget section */

/* Begin PBXProject section */
		054F9F5A2BF55E8D00ED047C /* Project object */ = {
			isa = PBXProject;
			attributes = {
				BuildIndependentTargetsInParallel = 1;
				LastSwiftUpdateCheck = 1540;
				LastUpgradeCheck = 1540;
				TargetAttributes = {
					054F9F612BF55E8D00ED047C = {
						CreatedOnToolsVersion = 15.4;
					};
					054F9F732BF55E8E00ED047C = {
						CreatedOnToolsVersion = 15.4;
						TestTargetID = 054F9F612BF55E8D00ED047C;
					};
					054F9F7D2BF55E8F00ED047C = {
						CreatedOnToolsVersion = 15.4;
						TestTargetID = 054F9F612BF55E8D00ED047C;
					};
				};
			};
			buildConfigurationList = 054F9F5D2BF55E8D00ED047C /* Build configuration list for PBXProject "PalworldFrontEnd" */;
			compatibilityVersion = "Xcode 14.0";
			developmentRegion = en;
			hasScannedForEncodings = 0;
			knownRegions = (
				en,
				Base,
			);
			mainGroup = 054F9F592BF55E8D00ED047C;
			productRefGroup = 054F9F632BF55E8D00ED047C /* Products */;
			projectDirPath = "";
			projectRoot = "";
			targets = (
				054F9F612BF55E8D00ED047C /* PalworldFrontEnd */,
				054F9F732BF55E8E00ED047C /* PalworldFrontEndTests */,
				054F9F7D2BF55E8F00ED047C /* PalworldFrontEndUITests */,
			);
		};
/* End PBXProject section */

/* Begin PBXResourcesBuildPhase section */
		054F9F602BF55E8D00ED047C /* Resources */ = {
			isa = PBXResourcesBuildPhase;
			buildActionMask = 2147483647;
			files = (
				054F9F6F2BF55E8E00ED047C /* Preview Assets.xcassets in Resources */,
				054F9F6C2BF55E8E00ED047C /* Assets.xcassets in Resources */,
			);
			runOnlyForDeploymentPostprocessing = 0;
		};
		054F9F722BF55E8E00ED047C /* Resources */ = {
			isa = PBXResourcesBuildPhase;
			buildActionMask = 2147483647;
			files = (
			);
			runOnlyForDeploymentPostprocessing = 0;
		};
		054F9F7C2BF55E8F00ED047C /* Resources */ = {
			isa = PBXResourcesBuildPhase;
			buildActionMask = 2147483647;
			files = (
			);
			runOnlyForDeploymentPostprocessing = 0;
		};
/* End PBXResourcesBuildPhase section */

/* Begin PBXSourcesBuildPhase section */
		054F9F5E2BF55E8D00ED047C /* Sources */ = {
			isa = PBXSourcesBuildPhase;
			buildActionMask = 2147483647;
			files = (
				0544A3542C0598F40071121E /* HeaderImage.swift in Sources */,
				054F9F682BF55E8D00ED047C /* ContentView.swift in Sources */,
				054F9F6A2BF55E8D00ED047C /* Item.swift in Sources */,
				0570A1BA2C082AC900F05B14 /* SettingsPage.swift in Sources */,
				0570A1B82C081A5A00F05B14 /* Header.swift in Sources */,
				054F9F662BF55E8D00ED047C /* PalworldFrontEndApp.swift in Sources */,
				0500FE342C053BE900EA5BE7 /* MainPage.swift in Sources */,
				0544A3522C0586E40071121E /* ServerCard.swift in Sources */,
			);
			runOnlyForDeploymentPostprocessing = 0;
		};
		054F9F702BF55E8E00ED047C /* Sources */ = {
			isa = PBXSourcesBuildPhase;
			buildActionMask = 2147483647;
			files = (
				054F9F792BF55E8E00ED047C /* PalworldFrontEndTests.swift in Sources */,
			);
			runOnlyForDeploymentPostprocessing = 0;
		};
		054F9F7A2BF55E8F00ED047C /* Sources */ = {
			isa = PBXSourcesBuildPhase;
			buildActionMask = 2147483647;
			files = (
				054F9F832BF55E8F00ED047C /* PalworldFrontEndUITests.swift in Sources */,
				054F9F852BF55E8F00ED047C /* PalworldFrontEndUITestsLaunchTests.swift in Sources */,
			);
			runOnlyForDeploymentPostprocessing = 0;
		};
/* End PBXSourcesBuildPhase section */

/* Begin PBXTargetDependency section */
		054F9F762BF55E8E00ED047C /* PBXTargetDependency */ = {
			isa = PBXTargetDependency;
			target = 054F9F612BF55E8D00ED047C /* PalworldFrontEnd */;
			targetProxy = 054F9F752BF55E8E00ED047C /* PBXContainerItemProxy */;
		};
		054F9F802BF55E8F00ED047C /* PBXTargetDependency */ = {
			isa = PBXTargetDependency;
			target = 054F9F612BF55E8D00ED047C /* PalworldFrontEnd */;
			targetProxy = 054F9F7F2BF55E8F00ED047C /* PBXContainerItemProxy */;
		};
/* End PBXTargetDependency section */

/* Begin XCBuildConfiguration section */
		054F9F862BF55E8F00ED047C /* Debug */ = {
			isa = XCBuildConfiguration;
			buildSettings = {
				ALWAYS_SEARCH_USER_PATHS = NO;
				ASSETCATALOG_COMPILER_GENERATE_SWIFT_ASSET_SYMBOL_EXTENSIONS = YES;
				CLANG_ANALYZER_NONNULL = YES;
				CLANG_ANALYZER_NUMBER_OBJECT_CONVERSION = YES_AGGRESSIVE;
				CLANG_CXX_LANGUAGE_STANDARD = "gnu++20";
				CLANG_ENABLE_MODULES = YES;
				CLANG_ENABLE_OBJC_ARC = YES;
				CLANG_ENABLE_OBJC_WEAK = YES;
				CLANG_WARN_BLOCK_CAPTURE_AUTORELEASING = YES;
				CLANG_WARN_BOOL_CONVERSION = YES;
				CLANG_WARN_COMMA = YES;
				CLANG_WARN_CONSTANT_CONVERSION = YES;
				CLANG_WARN_DEPRECATED_OBJC_IMPLEMENTATIONS = YES;
				CLANG_WARN_DIRECT_OBJC_ISA_USAGE = YES_ERROR;
				CLANG_WARN_DOCUMENTATION_COMMENTS = YES;
				CLANG_WARN_EMPTY_BODY = YES;
				CLANG_WARN_ENUM_CONVERSION = YES;
				CLANG_WARN_INFINITE_RECURSION = YES;
				CLANG_WARN_INT_CONVERSION = YES;
				CLANG_WARN_NON_LITERAL_NULL_CONVERSION = YES;
				CLANG_WARN_OBJC_IMPLICIT_RETAIN_SELF = YES;
				CLANG_WARN_OBJC_LITERAL_CONVERSION = YES;
				CLANG_WARN_OBJC_ROOT_CLASS = YES_ERROR;
				CLANG_WARN_QUOTED_INCLUDE_IN_FRAMEWORK_HEADER = YES;
				CLANG_WARN_RANGE_LOOP_ANALYSIS = YES;
				CLANG_WARN_STRICT_PROTOTYPES = YES;
				CLANG_WARN_SUSPICIOUS_MOVE = YES;
				CLANG_WARN_UNGUARDED_AVAILABILITY = YES_AGGRESSIVE;
				CLANG_WARN_UNREACHABLE_CODE = YES;
				CLANG_WARN__DUPLICATE_METHOD_MATCH = YES;
				COPY_PHASE_STRIP = NO;
				DEBUG_INFORMATION_FORMAT = dwarf;
				ENABLE_STRICT_OBJC_MSGSEND = YES;
				ENABLE_TESTABILITY = YES;
				ENABLE_USER_SCRIPT_SANDBOXING = YES;
				GCC_C_LANGUAGE_STANDARD = gnu17;
				GCC_DYNAMIC_NO_PIC = NO;
				GCC_NO_COMMON_BLOCKS = YES;
				GCC_OPTIMIZATION_LEVEL = 0;
				GCC_PREPROCESSOR_DEFINITIONS = (
					"DEBUG=1",
					"$(inherited)",
				);
				GCC_WARN_64_TO_32_BIT_CONVERSION = YES;
				GCC_WARN_ABOUT_RETURN_TYPE = YES_ERROR;
				GCC_WARN_UNDECLARED_SELECTOR = YES;
				GCC_WARN_UNINITIALIZED_AUTOS = YES_AGGRESSIVE;
				GCC_WARN_UNUSED_FUNCTION = YES;
				GCC_WARN_UNUSED_VARIABLE = YES;
				IPHONEOS_DEPLOYMENT_TARGET = 17.5;
				LOCALIZATION_PREFERS_STRING_CATALOGS = YES;
				MTL_ENABLE_DEBUG_INFO = INCLUDE_SOURCE;
				MTL_FAST_MATH = YES;
				ONLY_ACTIVE_ARCH = YES;
				SDKROOT = iphoneos;
				SWIFT_ACTIVE_COMPILATION_CONDITIONS = "DEBUG $(inherited)";
				SWIFT_OPTIMIZATION_LEVEL = "-Onone";
			};
			name = Debug;
		};
		054F9F872BF55E8F00ED047C /* Release */ = {
			isa = XCBuildConfiguration;
			buildSettings = {
				ALWAYS_SEARCH_USER_PATHS = NO;
				ASSETCATALOG_COMPILER_GENERATE_SWIFT_ASSET_SYMBOL_EXTENSIONS = YES;
				CLANG_ANALYZER_NONNULL = YES;
				CLANG_ANALYZER_NUMBER_OBJECT_CONVERSION = YES_AGGRESSIVE;
				CLANG_CXX_LANGUAGE_STANDARD = "gnu++20";
				CLANG_ENABLE_MODULES = YES;
				CLANG_ENABLE_OBJC_ARC = YES;
				CLANG_ENABLE_OBJC_WEAK = YES;
				CLANG_WARN_BLOCK_CAPTURE_AUTORELEASING = YES;
				CLANG_WARN_BOOL_CONVERSION = YES;
				CLANG_WARN_COMMA = YES;
				CLANG_WARN_CONSTANT_CONVERSION = YES;
				CLANG_WARN_DEPRECATED_OBJC_IMPLEMENTATIONS = YES;
				CLANG_WARN_DIRECT_OBJC_ISA_USAGE = YES_ERROR;
				CLANG_WARN_DOCUMENTATION_COMMENTS = YES;
				CLANG_WARN_EMPTY_BODY = YES;
				CLANG_WARN_ENUM_CONVERSION = YES;
				CLANG_WARN_INFINITE_RECURSION = YES;
				CLANG_WARN_INT_CONVERSION = YES;
				CLANG_WARN_NON_LITERAL_NULL_CONVERSION = YES;
				CLANG_WARN_OBJC_IMPLICIT_RETAIN_SELF = YES;
				CLANG_WARN_OBJC_LITERAL_CONVERSION = YES;
				CLANG_WARN_OBJC_ROOT_CLASS = YES_ERROR;
				CLANG_WARN_QUOTED_INCLUDE_IN_FRAMEWORK_HEADER = YES;
				CLANG_WARN_RANGE_LOOP_ANALYSIS = YES;
				CLANG_WARN_STRICT_PROTOTYPES = YES;
				CLANG_WARN_SUSPICIOUS_MOVE = YES;
				CLANG_WARN_UNGUARDED_AVAILABILITY = YES_AGGRESSIVE;
				CLANG_WARN_UNREACHABLE_CODE = YES;
				CLANG_WARN__DUPLICATE_METHOD_MATCH = YES;
				COPY_PHASE_STRIP = NO;
				DEBUG_INFORMATION_FORMAT = "dwarf-with-dsym";
				ENABLE_NS_ASSERTIONS = NO;
				ENABLE_STRICT_OBJC_MSGSEND = YES;
				ENABLE_USER_SCRIPT_SANDBOXING = YES;
				GCC_C_LANGUAGE_STANDARD = gnu17;
				GCC_NO_COMMON_BLOCKS = YES;
				GCC_WARN_64_TO_32_BIT_CONVERSION = YES;
				GCC_WARN_ABOUT_RETURN_TYPE = YES_ERROR;
				GCC_WARN_UNDECLARED_SELECTOR = YES;
				GCC_WARN_UNINITIALIZED_AUTOS = YES_AGGRESSIVE;
				GCC_WARN_UNUSED_FUNCTION = YES;
				GCC_WARN_UNUSED_VARIABLE = YES;
				IPHONEOS_DEPLOYMENT_TARGET = 17.5;
				LOCALIZATION_PREFERS_STRING_CATALOGS = YES;
				MTL_ENABLE_DEBUG_INFO = NO;
				MTL_FAST_MATH = YES;
				SDKROOT = iphoneos;
				SWIFT_COMPILATION_MODE = wholemodule;
				VALIDATE_PRODUCT = YES;
			};
			name = Release;
		};
		054F9F892BF55E8F00ED047C /* Debug */ = {
			isa = XCBuildConfiguration;
			buildSettings = {
				ASSETCATALOG_COMPILER_APPICON_NAME = AppIcon;
				ASSETCATALOG_COMPILER_GLOBAL_ACCENT_COLOR_NAME = AccentColor;
				CODE_SIGN_STYLE = Automatic;
				CURRENT_PROJECT_VERSION = 1;
				DEVELOPMENT_ASSET_PATHS = "\"PalworldFrontEnd/Preview Content\"";
				ENABLE_PREVIEWS = YES;
				GENERATE_INFOPLIST_FILE = YES;
				INFOPLIST_KEY_UIApplicationSceneManifest_Generation = YES;
				INFOPLIST_KEY_UIApplicationSupportsIndirectInputEvents = YES;
				INFOPLIST_KEY_UILaunchScreen_Generation = YES;
				INFOPLIST_KEY_UISupportedInterfaceOrientations_iPad = "UIInterfaceOrientationPortrait UIInterfaceOrientationPortraitUpsideDown UIInterfaceOrientationLandscapeLeft UIInterfaceOrientationLandscapeRight";
				INFOPLIST_KEY_UISupportedInterfaceOrientations_iPhone = "UIInterfaceOrientationPortrait UIInterfaceOrientationLandscapeLeft UIInterfaceOrientationLandscapeRight";
				LD_RUNPATH_SEARCH_PATHS = (
					"$(inherited)",
					"@executable_path/Frameworks",
				);
				MARKETING_VERSION = 1.0;
				PRODUCT_BUNDLE_IDENTIFIER = test.PalworldFrontEnd;
				PRODUCT_NAME = "$(TARGET_NAME)";
				SWIFT_EMIT_LOC_STRINGS = YES;
				SWIFT_VERSION = 5.0;
				TARGETED_DEVICE_FAMILY = "1,2";
			};
			name = Debug;
		};
		054F9F8A2BF55E8F00ED047C /* Release */ = {
			isa = XCBuildConfiguration;
			buildSettings = {
				ASSETCATALOG_COMPILER_APPICON_NAME = AppIcon;
				ASSETCATALOG_COMPILER_GLOBAL_ACCENT_COLOR_NAME = AccentColor;
				CODE_SIGN_STYLE = Automatic;
				CURRENT_PROJECT_VERSION = 1;
				DEVELOPMENT_ASSET_PATHS = "\"PalworldFrontEnd/Preview Content\"";
				ENABLE_PREVIEWS = YES;
				GENERATE_INFOPLIST_FILE = YES;
				INFOPLIST_KEY_UIApplicationSceneManifest_Generation = YES;
				INFOPLIST_KEY_UIApplicationSupportsIndirectInputEvents = YES;
				INFOPLIST_KEY_UILaunchScreen_Generation = YES;
				INFOPLIST_KEY_UISupportedInterfaceOrientations_iPad = "UIInterfaceOrientationPortrait UIInterfaceOrientationPortraitUpsideDown UIInterfaceOrientationLandscapeLeft UIInterfaceOrientationLandscapeRight";
				INFOPLIST_KEY_UISupportedInterfaceOrientations_iPhone = "UIInterfaceOrientationPortrait UIInterfaceOrientationLandscapeLeft UIInterfaceOrientationLandscapeRight";
				LD_RUNPATH_SEARCH_PATHS = (
					"$(inherited)",
					"@executable_path/Frameworks",
				);
				MARKETING_VERSION = 1.0;
				PRODUCT_BUNDLE_IDENTIFIER = test.PalworldFrontEnd;
				PRODUCT_NAME = "$(TARGET_NAME)";
				SWIFT_EMIT_LOC_STRINGS = YES;
				SWIFT_VERSION = 5.0;
				TARGETED_DEVICE_FAMILY = "1,2";
			};
			name = Release;
		};
		054F9F8C2BF55E8F00ED047C /* Debug */ = {
			isa = XCBuildConfiguration;
			buildSettings = {
				ALWAYS_EMBED_SWIFT_STANDARD_LIBRARIES = YES;
				BUNDLE_LOADER = "$(TEST_HOST)";
				CODE_SIGN_STYLE = Automatic;
				CURRENT_PROJECT_VERSION = 1;
				GENERATE_INFOPLIST_FILE = YES;
				IPHONEOS_DEPLOYMENT_TARGET = 17.5;
				MARKETING_VERSION = 1.0;
				PRODUCT_BUNDLE_IDENTIFIER = test.PalworldFrontEndTests;
				PRODUCT_NAME = "$(TARGET_NAME)";
				SWIFT_EMIT_LOC_STRINGS = NO;
				SWIFT_VERSION = 5.0;
				TARGETED_DEVICE_FAMILY = "1,2";
				TEST_HOST = "$(BUILT_PRODUCTS_DIR)/PalworldFrontEnd.app/$(BUNDLE_EXECUTABLE_FOLDER_PATH)/PalworldFrontEnd";
			};
			name = Debug;
		};
		054F9F8D2BF55E8F00ED047C /* Release */ = {
			isa = XCBuildConfiguration;
			buildSettings = {
				ALWAYS_EMBED_SWIFT_STANDARD_LIBRARIES = YES;
				BUNDLE_LOADER = "$(TEST_HOST)";
				CODE_SIGN_STYLE = Automatic;
				CURRENT_PROJECT_VERSION = 1;
				GENERATE_INFOPLIST_FILE = YES;
				IPHONEOS_DEPLOYMENT_TARGET = 17.5;
				MARKETING_VERSION = 1.0;
				PRODUCT_BUNDLE_IDENTIFIER = test.PalworldFrontEndTests;
				PRODUCT_NAME = "$(TARGET_NAME)";
				SWIFT_EMIT_LOC_STRINGS = NO;
				SWIFT_VERSION = 5.0;
				TARGETED_DEVICE_FAMILY = "1,2";
				TEST_HOST = "$(BUILT_PRODUCTS_DIR)/PalworldFrontEnd.app/$(BUNDLE_EXECUTABLE_FOLDER_PATH)/PalworldFrontEnd";
			};
			name = Release;
		};
		054F9F8F2BF55E8F00ED047C /* Debug */ = {
			isa = XCBuildConfiguration;
			buildSettings = {
				ALWAYS_EMBED_SWIFT_STANDARD_LIBRARIES = YES;
				CODE_SIGN_STYLE = Automatic;
				CURRENT_PROJECT_VERSION = 1;
				GENERATE_INFOPLIST_FILE = YES;
				MARKETING_VERSION = 1.0;
				PRODUCT_BUNDLE_IDENTIFIER = test.PalworldFrontEndUITests;
				PRODUCT_NAME = "$(TARGET_NAME)";
				SWIFT_EMIT_LOC_STRINGS = NO;
				SWIFT_VERSION = 5.0;
				TARGETED_DEVICE_FAMILY = "1,2";
				TEST_TARGET_NAME = PalworldFrontEnd;
			};
			name = Debug;
		};
		054F9F902BF55E8F00ED047C /* Release */ = {
			isa = XCBuildConfiguration;
			buildSettings = {
				ALWAYS_EMBED_SWIFT_STANDARD_LIBRARIES = YES;
				CODE_SIGN_STYLE = Automatic;
				CURRENT_PROJECT_VERSION = 1;
				GENERATE_INFOPLIST_FILE = YES;
				MARKETING_VERSION = 1.0;
				PRODUCT_BUNDLE_IDENTIFIER = test.PalworldFrontEndUITests;
				PRODUCT_NAME = "$(TARGET_NAME)";
				SWIFT_EMIT_LOC_STRINGS = NO;
				SWIFT_VERSION = 5.0;
				TARGETED_DEVICE_FAMILY = "1,2";
				TEST_TARGET_NAME = PalworldFrontEnd;
			};
			name = Release;
		};
/* End XCBuildConfiguration section */

/* Begin XCConfigurationList section */
		054F9F5D2BF55E8D00ED047C /* Build configuration list for PBXProject "PalworldFrontEnd" */ = {
			isa = XCConfigurationList;
			buildConfigurations = (
				054F9F862BF55E8F00ED047C /* Debug */,
				054F9F872BF55E8F00ED047C /* Release */,
			);
			defaultConfigurationIsVisible = 0;
			defaultConfigurationName = Release;
		};
		054F9F882BF55E8F00ED047C /* Build configuration list for PBXNativeTarget "PalworldFrontEnd" */ = {
			isa = XCConfigurationList;
			buildConfigurations = (
				054F9F892BF55E8F00ED047C /* Debug */,
				054F9F8A2BF55E8F00ED047C /* Release */,
			);
			defaultConfigurationIsVisible = 0;
			defaultConfigurationName = Release;
		};
		054F9F8B2BF55E8F00ED047C /* Build configuration list for PBXNativeTarget "PalworldFrontEndTests" */ = {
			isa = XCConfigurationList;
			buildConfigurations = (
				054F9F8C2BF55E8F00ED047C /* Debug */,
				054F9F8D2BF55E8F00ED047C /* Release */,
			);
			defaultConfigurationIsVisible = 0;
			defaultConfigurationName = Release;
		};
		054F9F8E2BF55E8F00ED047C /* Build configuration list for PBXNativeTarget "PalworldFrontEndUITests" */ = {
			isa = XCConfigurationList;
			buildConfigurations = (
				054F9F8F2BF55E8F00ED047C /* Debug */,
				054F9F902BF55E8F00ED047C /* Release */,
			);
			defaultConfigurationIsVisible = 0;
			defaultConfigurationName = Release;
		};
/* End XCConfigurationList section */
	};
	rootObject = 054F9F5A2BF55E8D00ED047C /* Project object */;
}
